
Microsoft Visual Studio Solution File, Format Version 12.00
# Visual Studio Version 17
VisualStudioVersion = 17.4.33213.308
MinimumVisualStudioVersion = 10.0.40219.1
Project("{9A19103F-16F7-4668-BE54-9A1E7A4F7556}") = "HoursManaging", "HoursManaging\HoursManaging.csproj", "{33D81B47-4A7C-48E7-B3F2-93F71CDDD27B}"
EndProject
Project("{9A19103F-16F7-4668-BE54-9A1E7A4F7556}") = "HoursManagerApp", "HoursManagerApp\HoursManagerApp.csproj", "{E7715A5A-D577-4E71-9C5E-DDF94A7116F3}"
EndProject
Project("{C7167F0D-BC9F-4E6E-AFE1-012C56B48DB5}") = "ManagerInstaller", "ManagerInstaller\ManagerInstaller.wapproj", "{9DA71B21-1661-4863-8005-9F0B500AA6FF}"
EndProject
Global
	GlobalSection(SolutionConfigurationPlatforms) = preSolution
		Debug|Any CPU = Debug|Any CPU
		Debug|ARM = Debug|ARM
		Debug|ARM64 = Debug|ARM64
		Debug|x64 = Debug|x64
		Debug|x86 = Debug|x86
		Release|Any CPU = Release|Any CPU
		Release|ARM = Release|ARM
		Release|ARM64 = Release|ARM64
		Release|x64 = Release|x64
		Release|x86 = Release|x86
	EndGlobalSection
	GlobalSection(ProjectConfigurationPlatforms) = postSolution
		{33D81B47-4A7C-48E7-B3F2-93F71CDDD27B}.Debug|Any CPU.ActiveCfg = Debug|Any CPU
		{33D81B47-4A7C-48E7-B3F2-93F71CDDD27B}.Debug|Any CPU.Build.0 = Debug|Any CPU
		{33D81B47-4A7C-48E7-B3F2-93F71CDDD27B}.Debug|ARM.ActiveCfg = Debug|Any CPU
		{33D81B47-4A7C-48E7-B3F2-93F71CDDD27B}.Debug|ARM.Build.0 = Debug|Any CPU
		{33D81B47-4A7C-48E7-B3F2-93F71CDDD27B}.Debug|ARM64.ActiveCfg = Debug|Any CPU
		{33D81B47-4A7C-48E7-B3F2-93F71CDDD27B}.Debug|ARM64.Build.0 = Debug|Any CPU
		{33D81B47-4A7C-48E7-B3F2-93F71CDDD27B}.Debug|x64.ActiveCfg = Debug|Any CPU
		{33D81B47-4A7C-48E7-B3F2-93F71CDDD27B}.Debug|x64.Build.0 = Debug|Any CPU
		{33D81B47-4A7C-48E7-B3F2-93F71CDDD27B}.Debug|x86.ActiveCfg = Debug|Any CPU
		{33D81B47-4A7C-48E7-B3F2-93F71CDDD27B}.Debug|x86.Build.0 = Debug|Any CPU
		{33D81B47-4A7C-48E7-B3F2-93F71CDDD27B}.Release|Any CPU.ActiveCfg = Release|Any CPU
		{33D81B47-4A7C-48E7-B3F2-93F71CDDD27B}.Release|Any CPU.Build.0 = Release|Any CPU
		{33D81B47-4A7C-48E7-B3F2-93F71CDDD27B}.Release|ARM.ActiveCfg = Release|Any CPU
		{33D81B47-4A7C-48E7-B3F2-93F71CDDD27B}.Release|ARM.Build.0 = Release|Any CPU
		{33D81B47-4A7C-48E7-B3F2-93F71CDDD27B}.Release|ARM64.ActiveCfg = Release|Any CPU
		{33D81B47-4A7C-48E7-B3F2-93F71CDDD27B}.Release|ARM64.Build.0 = Release|Any CPU
		{33D81B47-4A7C-48E7-B3F2-93F71CDDD27B}.Release|x64.ActiveCfg = Release|x64
		{33D81B47-4A7C-48E7-B3F2-93F71CDDD27B}.Release|x64.Build.0 = Release|x64
		{33D81B47-4A7C-48E7-B3F2-93F71CDDD27B}.Release|x86.ActiveCfg = Release|x86
		{33D81B47-4A7C-48E7-B3F2-93F71CDDD27B}.Release|x86.Build.0 = Release|x86
		{E7715A5A-D577-4E71-9C5E-DDF94A7116F3}.Debug|Any CPU.ActiveCfg = Debug|Any CPU
		{E7715A5A-D577-4E71-9C5E-DDF94A7116F3}.Debug|Any CPU.Build.0 = Debug|Any CPU
		{E7715A5A-D577-4E71-9C5E-DDF94A7116F3}.Debug|ARM.ActiveCfg = Debug|Any CPU
		{E7715A5A-D577-4E71-9C5E-DDF94A7116F3}.Debug|ARM.Build.0 = Debug|Any CPU
		{E7715A5A-D577-4E71-9C5E-DDF94A7116F3}.Debug|ARM64.ActiveCfg = Debug|Any CPU
		{E7715A5A-D577-4E71-9C5E-DDF94A7116F3}.Debug|ARM64.Build.0 = Debug|Any CPU
		{E7715A5A-D577-4E71-9C5E-DDF94A7116F3}.Debug|x64.ActiveCfg = Debug|Any CPU
		{E7715A5A-D577-4E71-9C5E-DDF94A7116F3}.Debug|x64.Build.0 = Debug|Any CPU
		{E7715A5A-D577-4E71-9C5E-DDF94A7116F3}.Debug|x86.ActiveCfg = Debug|Any CPU
		{E7715A5A-D577-4E71-9C5E-DDF94A7116F3}.Debug|x86.Build.0 = Debug|Any CPU
		{E7715A5A-D577-4E71-9C5E-DDF94A7116F3}.Release|Any CPU.ActiveCfg = Release|Any CPU
		{E7715A5A-D577-4E71-9C5E-DDF94A7116F3}.Release|Any CPU.Build.0 = Release|Any CPU
		{E7715A5A-D577-4E71-9C5E-DDF94A7116F3}.Release|ARM.ActiveCfg = Release|Any CPU
		{E7715A5A-D577-4E71-9C5E-DDF94A7116F3}.Release|ARM.Build.0 = Release|Any CPU
		{E7715A5A-D577-4E71-9C5E-DDF94A7116F3}.Release|ARM64.ActiveCfg = Release|Any CPU
		{E7715A5A-D577-4E71-9C5E-DDF94A7116F3}.Release|ARM64.Build.0 = Release|Any CPU
		{E7715A5A-D577-4E71-9C5E-DDF94A7116F3}.Release|x64.ActiveCfg = Release|x64
		{E7715A5A-D577-4E71-9C5E-DDF94A7116F3}.Release|x64.Build.0 = Release|x64
		{E7715A5A-D577-4E71-9C5E-DDF94A7116F3}.Release|x86.ActiveCfg = Release|x86
		{E7715A5A-D577-4E71-9C5E-DDF94A7116F3}.Release|x86.Build.0 = Release|x86
		{9DA71B21-1661-4863-8005-9F0B500AA6FF}.Debug|Any CPU.ActiveCfg = Debug|Any CPU
		{9DA71B21-1661-4863-8005-9F0B500AA6FF}.Debug|Any CPU.Build.0 = Debug|Any CPU
		{9DA71B21-1661-4863-8005-9F0B500AA6FF}.Debug|Any CPU.Deploy.0 = Debug|Any CPU
		{9DA71B21-1661-4863-8005-9F0B500AA6FF}.Debug|ARM.ActiveCfg = Debug|ARM
		{9DA71B21-1661-4863-8005-9F0B500AA6FF}.Debug|ARM.Build.0 = Debug|ARM
		{9DA71B21-1661-4863-8005-9F0B500AA6FF}.Debug|ARM.Deploy.0 = Debug|ARM
		{9DA71B21-1661-4863-8005-9F0B500AA6FF}.Debug|ARM64.ActiveCfg = Debug|ARM64
		{9DA71B21-1661-4863-8005-9F0B500AA6FF}.Debug|ARM64.Build.0 = Debug|ARM64
		{9DA71B21-1661-4863-8005-9F0B500AA6FF}.Debug|ARM64.Deploy.0 = Debug|ARM64
		{9DA71B21-1661-4863-8005-9F0B500AA6FF}.Debug|x64.ActiveCfg = Debug|x64
		{9DA71B21-1661-4863-8005-9F0B500AA6FF}.Debug|x64.Build.0 = Debug|x64
		{9DA71B21-1661-4863-8005-9F0B500AA6FF}.Debug|x64.Deploy.0 = Debug|x64
		{9DA71B21-1661-4863-8005-9F0B500AA6FF}.Debug|x86.ActiveCfg = Debug|x86
		{9DA71B21-1661-4863-8005-9F0B500AA6FF}.Debug|x86.Build.0 = Debug|x86
		{9DA71B21-1661-4863-8005-9F0B500AA6FF}.Debug|x86.Deploy.0 = Debug|x86
		{9DA71B21-1661-4863-8005-9F0B500AA6FF}.Release|Any CPU.ActiveCfg = Release|Any CPU
		{9DA71B21-1661-4863-8005-9F0B500AA6FF}.Release|Any CPU.Build.0 = Release|Any CPU
		{9DA71B21-1661-4863-8005-9F0B500AA6FF}.Release|Any CPU.Deploy.0 = Release|Any CPU
		{9DA71B21-1661-4863-8005-9F0B500AA6FF}.Release|ARM.ActiveCfg = Release|ARM
		{9DA71B21-1661-4863-8005-9F0B500AA6FF}.Release|ARM.Build.0 = Release|ARM
		{9DA71B21-1661-4863-8005-9F0B500AA6FF}.Release|ARM.Deploy.0 = Release|ARM
		{9DA71B21-1661-4863-8005-9F0B500AA6FF}.Release|ARM64.ActiveCfg = Release|ARM64
		{9DA71B21-1661-4863-8005-9F0B500AA6FF}.Release|ARM64.Build.0 = Release|ARM64
		{9DA71B21-1661-4863-8005-9F0B500AA6FF}.Release|ARM64.Deploy.0 = Release|ARM64
		{9DA71B21-1661-4863-8005-9F0B500AA6FF}.Release|x64.ActiveCfg = Release|x64
		{9DA71B21-1661-4863-8005-9F0B500AA6FF}.Release|x64.Build.0 = Release|x64
		{9DA71B21-1661-4863-8005-9F0B500AA6FF}.Release|x64.Deploy.0 = Release|x64
		{9DA71B21-1661-4863-8005-9F0B500AA6FF}.Release|x86.ActiveCfg = Release|x86
		{9DA71B21-1661-4863-8005-9F0B500AA6FF}.Release|x86.Build.0 = Release|x86
		{9DA71B21-1661-4863-8005-9F0B500AA6FF}.Release|x86.Deploy.0 = Release|x86
	EndGlobalSection
	GlobalSection(SolutionProperties) = preSolution
		HideSolutionNode = FALSE
	EndGlobalSection
	GlobalSection(ExtensibilityGlobals) = postSolution
		SolutionGuid = {7E4C3322-D230-464C-92F0-4D7E1F468194}
	EndGlobalSection
EndGlobal
